
Microsoft Visual Studio Solution File, Format Version 12.00
# Visual Studio Version 16
VisualStudioVersion = 16.0.31129.286
MinimumVisualStudioVersion = 10.0.40219.1
Project("{9A19103F-16F7-4668-BE54-9A1E7A4F7556}") = "Core", "Core\Core.csproj", "{FC19AF7A-43F0-46D2-A8A7-0B89E3CA5CEA}"
EndProject
Project("{FAE04EC0-301F-11D3-BF4B-00C04F79EFBC}") = "StackLink.Business", "StackLink.Business\StackLink.Business.csproj", "{CF1EFA21-0875-498E-B824-33B9F8F860F7}"
EndProject
Project("{FAE04EC0-301F-11D3-BF4B-00C04F79EFBC}") = "StackLink.DataAccess", "StackLink.DataAccess\StackLink.DataAccess.csproj", "{9A97D014-EADD-4C93-8EE6-D7AA50A9D99B}"
EndProject
Project("{FAE04EC0-301F-11D3-BF4B-00C04F79EFBC}") = "StackLink.Entities", "StackLink.Entities\StackLink.Entities.csproj", "{D0B8AC19-E8B3-480B-8D92-564EB21B12BE}"
EndProject
Project("{FAE04EC0-301F-11D3-BF4B-00C04F79EFBC}") = "StackLink.WebApi", "StackLink.WebApi\StackLink.WebApi.csproj", "{31D6E6D3-0AA4-4896-BEFC-3250B3466E37}"
EndProject
Global
	GlobalSection(SolutionConfigurationPlatforms) = preSolution
		Debug|Any CPU = Debug|Any CPU
		Release|Any CPU = Release|Any CPU
	EndGlobalSection
	GlobalSection(ProjectConfigurationPlatforms) = postSolution
		{FC19AF7A-43F0-46D2-A8A7-0B89E3CA5CEA}.Debug|Any CPU.ActiveCfg = Debug|Any CPU
		{FC19AF7A-43F0-46D2-A8A7-0B89E3CA5CEA}.Debug|Any CPU.Build.0 = Debug|Any CPU
		{FC19AF7A-43F0-46D2-A8A7-0B89E3CA5CEA}.Release|Any CPU.ActiveCfg = Release|Any CPU
		{FC19AF7A-43F0-46D2-A8A7-0B89E3CA5CEA}.Release|Any CPU.Build.0 = Release|Any CPU
		{CF1EFA21-0875-498E-B824-33B9F8F860F7}.Debug|Any CPU.ActiveCfg = Debug|Any CPU
		{CF1EFA21-0875-498E-B824-33B9F8F860F7}.Debug|Any CPU.Build.0 = Debug|Any CPU
		{CF1EFA21-0875-498E-B824-33B9F8F860F7}.Release|Any CPU.ActiveCfg = Release|Any CPU
		{CF1EFA21-0875-498E-B824-33B9F8F860F7}.Release|Any CPU.Build.0 = Release|Any CPU
		{9A97D014-EADD-4C93-8EE6-D7AA50A9D99B}.Debug|Any CPU.ActiveCfg = Debug|Any CPU
		{9A97D014-EADD-4C93-8EE6-D7AA50A9D99B}.Debug|Any CPU.Build.0 = Debug|Any CPU
		{9A97D014-EADD-4C93-8EE6-D7AA50A9D99B}.Release|Any CPU.ActiveCfg = Release|Any CPU
		{9A97D014-EADD-4C93-8EE6-D7AA50A9D99B}.Release|Any CPU.Build.0 = Release|Any CPU
		{D0B8AC19-E8B3-480B-8D92-564EB21B12BE}.Debug|Any CPU.ActiveCfg = Debug|Any CPU
		{D0B8AC19-E8B3-480B-8D92-564EB21B12BE}.Debug|Any CPU.Build.0 = Debug|Any CPU
		{D0B8AC19-E8B3-480B-8D92-564EB21B12BE}.Release|Any CPU.ActiveCfg = Release|Any CPU
		{D0B8AC19-E8B3-480B-8D92-564EB21B12BE}.Release|Any CPU.Build.0 = Release|Any CPU
		{31D6E6D3-0AA4-4896-BEFC-3250B3466E37}.Debug|Any CPU.ActiveCfg = Debug|Any CPU
		{31D6E6D3-0AA4-4896-BEFC-3250B3466E37}.Debug|Any CPU.Build.0 = Debug|Any CPU
		{31D6E6D3-0AA4-4896-BEFC-3250B3466E37}.Release|Any CPU.ActiveCfg = Release|Any CPU
		{31D6E6D3-0AA4-4896-BEFC-3250B3466E37}.Release|Any CPU.Build.0 = Release|Any CPU
	EndGlobalSection
	GlobalSection(SolutionProperties) = preSolution
		HideSolutionNode = FALSE
	EndGlobalSection
	GlobalSection(ExtensibilityGlobals) = postSolution
		SolutionGuid = {36D0DA1D-A78F-442A-A90D-8EB52DF2282E}
	EndGlobalSection
EndGlobal
